
Microsoft Visual Studio Solution File, Format Version 12.00
# Visual Studio Version 17
VisualStudioVersion = 17.13.35825.156 d17.13
MinimumVisualStudioVersion = 10.0.40219.1
Project("{FAE04EC0-301F-11D3-BF4B-00C04F79EFBC}") = "AppFotos", "AppFotos\AppFotos.csproj", "{5108ECEE-854A-417A-9C7E-4603E0761C4B}"
EndProject
Global
	GlobalSection(SolutionConfigurationPlatforms) = preSolution
		Debug|Any CPU = Debug|Any CPU
		Release|Any CPU = Release|Any CPU
	EndGlobalSection
	GlobalSection(ProjectConfigurationPlatforms) = postSolution
		{5108ECEE-854A-417A-9C7E-4603E0761C4B}.Debug|Any CPU.ActiveCfg = Debug|Any CPU
		{5108ECEE-854A-417A-9C7E-4603E0761C4B}.Debug|Any CPU.Build.0 = Debug|Any CPU
		{5108ECEE-854A-417A-9C7E-4603E0761C4B}.Release|Any CPU.ActiveCfg = Release|Any CPU
		{5108ECEE-854A-417A-9C7E-4603E0761C4B}.Release|Any CPU.Build.0 = Release|Any CPU
	EndGlobalSection
	GlobalSection(SolutionProperties) = preSolution
		HideSolutionNode = FALSE
	EndGlobalSection
	GlobalSection(ExtensibilityGlobals) = postSolution
		SolutionGuid = {585F2DB7-4D5D-4C49-868D-992DEF06A355}
	EndGlobalSection
EndGlobal
